{
  "nodes": {
    "SchemaStore-nvim": {
      "flake": false,
      "locked": {
        "lastModified": 1716346858,
        "narHash": "sha256-MyQf8/UjHFX+fu9Cx3vsI06PCuRvht2IAth1TrSidyw=",
        "owner": "b0o",
        "repo": "SchemaStore.nvim",
        "rev": "9a5992a881583d886bfbb46631a09f736f0fae50",
        "type": "github"
      },
      "original": {
        "owner": "b0o",
        "repo": "SchemaStore.nvim",
        "type": "github"
      }
    },
    "boole-nvim": {
      "flake": false,
      "locked": {
        "lastModified": 1688814468,
        "narHash": "sha256-dmtvPgRb1CqOetyjUoUDJ+fruOotwY0ODBp8VN4kRAQ=",
        "owner": "nat-418",
        "repo": "boole.nvim",
        "rev": "7b4a3dae28e3b2497747aa840439e9493cabdc49",
        "type": "github"
      },
      "original": {
        "owner": "nat-418",
        "repo": "boole.nvim",
        "type": "github"
      }
    },
    "cmp-buffer": {
      "flake": false,
      "locked": {
        "lastModified": 1660101488,
        "narHash": "sha256-dG4U7MtnXThoa/PD+qFtCt76MQ14V1wX8GMYcvxEnbM=",
        "owner": "hrsh7th",
        "repo": "cmp-buffer",
        "rev": "3022dbc9166796b644a841a02de8dd1cc1d311fa",
        "type": "github"
      },
      "original": {
        "owner": "hrsh7th",
        "repo": "cmp-buffer",
        "type": "github"
      }
    },
    "cmp-nvim-lsp": {
      "flake": false,
      "locked": {
        "lastModified": 1715931395,
        "narHash": "sha256-CT1+Z4XJBVsl/RqvJeGmyitD6x7So0ylXvvef5jh7I8=",
        "owner": "hrsh7th",
        "repo": "cmp-nvim-lsp",
        "rev": "39e2eda76828d88b773cc27a3f61d2ad782c922d",
        "type": "github"
      },
      "original": {
        "owner": "hrsh7th",
        "repo": "cmp-nvim-lsp",
        "type": "github"
      }
    },
    "cmp-path": {
      "flake": false,
      "locked": {
        "lastModified": 1664784283,
        "narHash": "sha256-thppiiV3wjIaZnAXmsh7j3DUc6ceSCvGzviwFUnoPaI=",
        "owner": "hrsh7th",
        "repo": "cmp-path",
        "rev": "91ff86cd9c29299a64f968ebb45846c485725f23",
        "type": "github"
      },
      "original": {
        "owner": "hrsh7th",
        "repo": "cmp-path",
        "type": "github"
      }
    },
    "cmp_luasnip": {
      "flake": false,
      "locked": {
        "lastModified": 1696878902,
        "narHash": "sha256-nUJJl2zyK/oSwz5RzI9j3gf9zpDfCImCYbPbVsyXgz8=",
        "owner": "saadparwaiz1",
        "repo": "cmp_luasnip",
        "rev": "05a9ab28b53f71d1aece421ef32fee2cb857a843",
        "type": "github"
      },
      "original": {
        "owner": "saadparwaiz1",
        "repo": "cmp_luasnip",
        "type": "github"
      }
    },
    "dressing-nvim": {
      "flake": false,
      "locked": {
        "lastModified": 1716410905,
        "narHash": "sha256-AXY1+nA6Q/kWbuwOAqwVdd3QrjkHGVdVMHShvSIfLwM=",
        "owner": "stevearc",
        "repo": "dressing.nvim",
        "rev": "3c38ac861e1b8d4077ff46a779cde17330b29f3a",
        "type": "github"
      },
      "original": {
        "owner": "stevearc",
        "repo": "dressing.nvim",
        "type": "github"
      }
    },
    "flake-compat": {
      "flake": false,
      "locked": {
        "lastModified": 1696426674,
        "narHash": "sha256-kvjfFW7WAETZlt09AgDn1MrtKzP7t90Vf7vypd3OL1U=",
        "owner": "edolstra",
        "repo": "flake-compat",
        "rev": "0f9255e01c2351cc7d116c072cb317785dd33b33",
        "type": "github"
      },
      "original": {
        "owner": "edolstra",
        "repo": "flake-compat",
        "type": "github"
      }
    },
    "flake-compat_2": {
      "flake": false,
      "locked": {
        "lastModified": 1696426674,
        "narHash": "sha256-kvjfFW7WAETZlt09AgDn1MrtKzP7t90Vf7vypd3OL1U=",
        "owner": "edolstra",
        "repo": "flake-compat",
        "rev": "0f9255e01c2351cc7d116c072cb317785dd33b33",
        "type": "github"
      },
      "original": {
        "owner": "edolstra",
        "repo": "flake-compat",
        "type": "github"
      }
    },
    "flake-parts": {
      "inputs": {
        "nixpkgs-lib": [
          "neovim-nightly-overlay",
          "nixpkgs"
        ]
      },
      "locked": {
        "lastModified": 1715865404,
        "narHash": "sha256-/GJvTdTpuDjNn84j82cU6bXztE0MSkdnTWClUCRub78=",
        "owner": "hercules-ci",
        "repo": "flake-parts",
        "rev": "8dc45382d5206bd292f9c2768b8058a8fd8311d9",
        "type": "github"
      },
      "original": {
        "owner": "hercules-ci",
        "repo": "flake-parts",
        "type": "github"
      }
    },
    "flake-parts_2": {
      "inputs": {
        "nixpkgs-lib": [
          "neovim-nightly-overlay",
          "hercules-ci-effects",
          "nixpkgs"
        ]
      },
      "locked": {
        "lastModified": 1712014858,
        "narHash": "sha256-sB4SWl2lX95bExY2gMFG5HIzvva5AVMJd4Igm+GpZNw=",
        "owner": "hercules-ci",
        "repo": "flake-parts",
        "rev": "9126214d0a59633752a136528f5f3b9aa8565b7d",
        "type": "github"
      },
      "original": {
        "id": "flake-parts",
        "type": "indirect"
      }
    },
    "friendly-snippets": {
      "flake": false,
      "locked": {
        "lastModified": 1715835341,
        "narHash": "sha256-lItnzGUpMifEkTGmSaL05IdgCbFNDMkKynjN9dOohRs=",
        "owner": "rafamadriz",
        "repo": "friendly-snippets",
        "rev": "dd2fd1281d4b22e7b4a5bfafa3e142d958e251f2",
        "type": "github"
      },
      "original": {
        "owner": "rafamadriz",
        "repo": "friendly-snippets",
        "type": "github"
      }
    },
    "git-conflict-nvim": {
      "flake": false,
      "locked": {
        "lastModified": 1709633293,
        "narHash": "sha256-HT+HOYZF5XRUrfFRLqPVlT5P5JextpxI7tSDh0K7fQI=",
        "owner": "konradmalik",
        "repo": "git-conflict.nvim",
        "rev": "e837425df29e5fecf78c0b7431739b7ae15ed8b4",
        "type": "github"
      },
      "original": {
        "owner": "konradmalik",
        "repo": "git-conflict.nvim",
        "type": "github"
      }
    },
    "gitignore": {
      "inputs": {
        "nixpkgs": [
          "neovim-nightly-overlay",
          "pre-commit-hooks",
          "nixpkgs"
        ]
      },
      "locked": {
        "lastModified": 1709087332,
        "narHash": "sha256-HG2cCnktfHsKV0s4XW83gU3F57gaTljL9KNSuG6bnQs=",
        "owner": "hercules-ci",
        "repo": "gitignore.nix",
        "rev": "637db329424fd7e46cf4185293b9cc8c88c95394",
        "type": "github"
      },
      "original": {
        "owner": "hercules-ci",
        "repo": "gitignore.nix",
        "type": "github"
      }
    },
    "gitsigns-nvim": {
      "flake": false,
      "locked": {
        "lastModified": 1716453598,
        "narHash": "sha256-TTC3uvRsq4v6PBdS/3YAGpyhVt0w3/SGkPE3fu1zW94=",
        "owner": "lewis6991",
        "repo": "gitsigns.nvim",
        "rev": "cdfcd9d39d23c46ae9a040de2c6a8b8bf868746e",
        "type": "github"
      },
      "original": {
        "owner": "lewis6991",
        "repo": "gitsigns.nvim",
        "type": "github"
      }
    },
    "hercules-ci-effects": {
      "inputs": {
        "flake-parts": "flake-parts_2",
        "nixpkgs": [
          "neovim-nightly-overlay",
          "nixpkgs"
        ]
      },
      "locked": {
        "lastModified": 1713898448,
        "narHash": "sha256-6q6ojsp/Z9P2goqnxyfCSzFOD92T3Uobmj8oVAicUOs=",
        "owner": "hercules-ci",
        "repo": "hercules-ci-effects",
        "rev": "c0302ec12d569532a6b6bd218f698bc402e93adc",
        "type": "github"
      },
      "original": {
        "owner": "hercules-ci",
        "repo": "hercules-ci-effects",
        "type": "github"
      }
    },
    "kanagawa-nvim": {
      "flake": false,
      "locked": {
        "lastModified": 1716719447,
        "narHash": "sha256-NvvedijxYhXyI3se9LXb0GQDGcLBrwpF0hoDqqvSDfI=",
        "owner": "rebelot",
        "repo": "kanagawa.nvim",
        "rev": "08ed29989834f5f2606cb1ef9d5b24c5ea7b8fa5",
        "type": "github"
      },
      "original": {
        "owner": "rebelot",
        "repo": "kanagawa.nvim",
        "type": "github"
      }
    },
    "luasnip": {
      "flake": false,
      "locked": {
        "lastModified": 1716536093,
        "narHash": "sha256-WP71ChUQR67GJ/hsynv3/KAfojVFqTqYRVkmUmC9aqo=",
        "owner": "L3MON4D3",
        "repo": "LuaSnip",
        "rev": "878ace11983444d865a72e1759dbcc331d1ace4c",
        "type": "github"
      },
      "original": {
        "owner": "L3MON4D3",
        "repo": "LuaSnip",
        "type": "github"
      }
    },
    "neo-tree-nvim": {
      "flake": false,
      "locked": {
        "lastModified": 1716286572,
        "narHash": "sha256-FIMdd8LJyqXBNZ38TrHmUqy05w3YKMQ6ijxau3YRCxw=",
        "owner": "nvim-neo-tree",
        "repo": "neo-tree.nvim",
        "rev": "29f7c215332ba95e470811c380ddbce2cebe2af4",
        "type": "github"
      },
      "original": {
        "owner": "nvim-neo-tree",
        "repo": "neo-tree.nvim",
        "type": "github"
      }
    },
    "neovim-nightly-overlay": {
      "inputs": {
        "flake-compat": "flake-compat",
        "flake-parts": "flake-parts",
        "hercules-ci-effects": "hercules-ci-effects",
        "neovim-src": "neovim-src",
        "nixpkgs": "nixpkgs",
        "pre-commit-hooks": "pre-commit-hooks"
      },
      "locked": {
        "lastModified": 1716747123,
        "narHash": "sha256-XZFVa21Vpn39Y7fCmGAb8CxKJlX0YKKUyUfArvhXNjo=",
        "owner": "nix-community",
        "repo": "neovim-nightly-overlay",
        "rev": "491c6d2a3f239754a2e6aa110d47899a38d94c45",
        "type": "github"
      },
      "original": {
        "owner": "nix-community",
        "repo": "neovim-nightly-overlay",
        "type": "github"
      }
    },
    "neovim-src": {
      "flake": false,
      "locked": {
        "lastModified": 1716642936,
        "narHash": "sha256-l53vGzYIy6tI1rYBlbxW502sDgpmZ4i/uTdWWtPKPtM=",
        "owner": "neovim",
        "repo": "neovim",
        "rev": "52389e724366ebb2fb58f08c657f580900dd09ee",
        "type": "github"
      },
      "original": {
        "owner": "neovim",
        "repo": "neovim",
        "type": "github"
      }
    },
    "nixpkgs": {
      "locked": {
        "lastModified": 1716588411,
        "narHash": "sha256-CdAZ3o459+1mAgILcdJfMBQAwUXupVe2cVTknvxs5kQ=",
        "owner": "NixOS",
        "repo": "nixpkgs",
        "rev": "1a9df4f74273f90d04e621e8516777efcec2802a",
        "type": "github"
      },
      "original": {
        "owner": "NixOS",
        "ref": "nixpkgs-unstable",
        "repo": "nixpkgs",
        "type": "github"
      }
    },
    "nixpkgs_2": {
      "locked": {
        "lastModified": 1716715802,
        "narHash": "sha256-usk0vE7VlxPX8jOavrtpOqphdfqEQpf9lgedlY/r66c=",
        "owner": "nixos",
        "repo": "nixpkgs",
        "rev": "e2dd4e18cc1c7314e24154331bae07df76eb582f",
        "type": "github"
      },
      "original": {
        "owner": "nixos",
        "ref": "nixpkgs-unstable",
        "repo": "nixpkgs",
        "type": "github"
      }
    },
    "nui-nvim": {
      "flake": false,
      "locked": {
        "lastModified": 1716019714,
        "narHash": "sha256-JRVVRT1CZZTjr58L+gAer7eCg9/fMdAD0YD5ljNwl0Q=",
        "owner": "MunifTanjim",
        "repo": "nui.nvim",
        "rev": "b1b3dcd6ed8f355c78bad3d395ff645be5f8b6ae",
        "type": "github"
      },
      "original": {
        "owner": "MunifTanjim",
        "repo": "nui.nvim",
        "type": "github"
      }
    },
    "nvim-cmp": {
      "flake": false,
      "locked": {
        "lastModified": 1715954188,
        "narHash": "sha256-GhXfnWqpXFVM7Yi9+qEXHfA6LIMILcMG9pP4VYXuptE=",
        "owner": "hrsh7th",
        "repo": "nvim-cmp",
        "rev": "5260e5e8ecadaf13e6b82cf867a909f54e15fd07",
        "type": "github"
      },
      "original": {
        "owner": "hrsh7th",
        "repo": "nvim-cmp",
        "type": "github"
      }
    },
    "nvim-dap": {
      "flake": false,
      "locked": {
        "lastModified": 1716747841,
        "narHash": "sha256-uzivFy0ZNLxAXDqkYNrNy1SSHPRrGv3OLVCNCRDiikU=",
        "owner": "mfussenegger",
        "repo": "nvim-dap",
        "rev": "922ebc75c2fa9305e36402fbd8c984c8638770a0",
        "type": "github"
      },
      "original": {
        "owner": "mfussenegger",
        "repo": "nvim-dap",
        "type": "github"
      }
    },
    "nvim-dap-ui": {
      "flake": false,
      "locked": {
        "lastModified": 1716237606,
        "narHash": "sha256-paiyLNzqUq9G3U8qn8yl1AjHJzTTa17exA05QO09nGA=",
        "owner": "rcarriga",
        "repo": "nvim-dap-ui",
        "rev": "334cf3038c4756e6ab999cbac67c847fb654c190",
        "type": "github"
      },
      "original": {
        "owner": "rcarriga",
        "repo": "nvim-dap-ui",
        "type": "github"
      }
    },
    "nvim-dap-virtual-text": {
      "flake": false,
      "locked": {
        "lastModified": 1716399121,
        "narHash": "sha256-Ec6xE+HvbzcBU04jbBqUV0nTa2IEiNuxMBYfDwXmFsM=",
        "owner": "theHamsta",
        "repo": "nvim-dap-virtual-text",
        "rev": "d7c695ea39542f6da94ee4d66176f5d660ab0a77",
        "type": "github"
      },
      "original": {
        "owner": "theHamsta",
        "repo": "nvim-dap-virtual-text",
        "type": "github"
      }
    },
    "nvim-luaref": {
      "flake": false,
      "locked": {
        "lastModified": 1645064202,
        "narHash": "sha256-nmsKg1Ah67fhGzevTFMlncwLX9gN0JkR7Woi0T5On34=",
        "owner": "milisims",
        "repo": "nvim-luaref",
        "rev": "9cd3ed50d5752ffd56d88dd9e395ddd3dc2c7127",
        "type": "github"
      },
      "original": {
        "owner": "milisims",
        "repo": "nvim-luaref",
        "type": "github"
      }
    },
    "nvim-nio": {
      "flake": false,
      "locked": {
        "lastModified": 1716391538,
        "narHash": "sha256-UffuTu7mF96LHk0MQRNrsgDyo1QWa/1i5eJKjZkuG8k=",
        "owner": "nvim-neotest",
        "repo": "nvim-nio",
        "rev": "632024157d01e8bc48fd7df6a7de8ffe3fdd4f3a",
        "type": "github"
      },
      "original": {
        "owner": "nvim-neotest",
        "repo": "nvim-nio",
        "type": "github"
      }
    },
    "nvim-treesitter": {
      "flake": false,
      "locked": {
        "lastModified": 1716718319,
        "narHash": "sha256-zbil2pixYFKT1bqLBbCJmEJ0Tt+o5a9bgMGH7nQkg4g=",
        "owner": "nvim-treesitter",
        "repo": "nvim-treesitter",
        "rev": "245da4eb2e52d14b034bbbedec9671e997ede764",
        "type": "github"
      },
      "original": {
        "owner": "nvim-treesitter",
        "repo": "nvim-treesitter",
        "type": "github"
      }
    },
    "nvim-treesitter-context": {
      "flake": false,
      "locked": {
        "lastModified": 1716388265,
        "narHash": "sha256-EY5Si6t7LXcxOP3ubGAAMd3lgbeaCOCIybSKi1Ucx98=",
        "owner": "nvim-treesitter",
        "repo": "nvim-treesitter-context",
        "rev": "f62bfe19e0fbc13ae95649dfb3cf22f4ff85b683",
        "type": "github"
      },
      "original": {
        "owner": "nvim-treesitter",
        "repo": "nvim-treesitter-context",
        "type": "github"
      }
    },
    "nvim-treesitter-textobjects": {
      "flake": false,
      "locked": {
        "lastModified": 1716423544,
        "narHash": "sha256-nlkDaOloQNoRB0ztaKCvSrS8qcxZcMtVdtXdVQ7lPoQ=",
        "owner": "nvim-treesitter",
        "repo": "nvim-treesitter-textobjects",
        "rev": "3557e41418b4a6c5b85d5d64abe94c9c50fa9b14",
        "type": "github"
      },
      "original": {
        "owner": "nvim-treesitter",
        "repo": "nvim-treesitter-textobjects",
        "type": "github"
      }
    },
    "nvim-web-devicons": {
      "flake": false,
      "locked": {
        "lastModified": 1716609001,
        "narHash": "sha256-fmbsnNVZ6nBorBILwPfEgcDDWZCkh9YZH/aC343FxP4=",
        "owner": "kyazdani42",
        "repo": "nvim-web-devicons",
        "rev": "b77921fdc44833c994fdb389d658ccbce5490c16",
        "type": "github"
      },
      "original": {
        "owner": "kyazdani42",
        "repo": "nvim-web-devicons",
        "type": "github"
      }
    },
    "plenary-nvim": {
      "flake": false,
      "locked": {
        "lastModified": 1716230027,
        "narHash": "sha256-5Jf2mWFVDofXBcXLbMa417mqlEPWLA+cQIZH/vNEV1g=",
        "owner": "nvim-lua",
        "repo": "plenary.nvim",
        "rev": "a3e3bc82a3f95c5ed0d7201546d5d2c19b20d683",
        "type": "github"
      },
      "original": {
        "owner": "nvim-lua",
        "repo": "plenary.nvim",
        "type": "github"
      }
    },
    "pre-commit-hooks": {
      "inputs": {
        "flake-compat": "flake-compat_2",
        "gitignore": "gitignore",
        "nixpkgs": [
          "neovim-nightly-overlay",
          "nixpkgs"
        ],
        "nixpkgs-stable": [
          "neovim-nightly-overlay",
          "nixpkgs"
        ]
      },
      "locked": {
        "lastModified": 1716213921,
        "narHash": "sha256-xrsYFST8ij4QWaV6HEokCUNIZLjjLP1bYC60K8XiBVA=",
        "owner": "cachix",
        "repo": "pre-commit-hooks.nix",
        "rev": "0e8fcc54b842ad8428c9e705cb5994eaf05c26a0",
        "type": "github"
      },
      "original": {
        "owner": "cachix",
        "repo": "pre-commit-hooks.nix",
        "type": "github"
      }
    },
    "root": {
      "inputs": {
        "SchemaStore-nvim": "SchemaStore-nvim",
        "boole-nvim": "boole-nvim",
        "cmp-buffer": "cmp-buffer",
        "cmp-nvim-lsp": "cmp-nvim-lsp",
        "cmp-path": "cmp-path",
        "cmp_luasnip": "cmp_luasnip",
        "dressing-nvim": "dressing-nvim",
        "friendly-snippets": "friendly-snippets",
        "git-conflict-nvim": "git-conflict-nvim",
        "gitsigns-nvim": "gitsigns-nvim",
        "kanagawa-nvim": "kanagawa-nvim",
        "luasnip": "luasnip",
        "neo-tree-nvim": "neo-tree-nvim",
        "neovim-nightly-overlay": "neovim-nightly-overlay",
        "nixpkgs": "nixpkgs_2",
        "nui-nvim": "nui-nvim",
        "nvim-cmp": "nvim-cmp",
        "nvim-dap": "nvim-dap",
        "nvim-dap-ui": "nvim-dap-ui",
        "nvim-dap-virtual-text": "nvim-dap-virtual-text",
        "nvim-luaref": "nvim-luaref",
        "nvim-nio": "nvim-nio",
        "nvim-treesitter": "nvim-treesitter",
        "nvim-treesitter-context": "nvim-treesitter-context",
        "nvim-treesitter-textobjects": "nvim-treesitter-textobjects",
        "nvim-web-devicons": "nvim-web-devicons",
        "plenary-nvim": "plenary-nvim",
        "telescope-fzf-native-nvim": "telescope-fzf-native-nvim",
        "telescope-nvim": "telescope-nvim",
        "todo-comments-nvim": "todo-comments-nvim",
        "undotree": "undotree",
        "vim-fugitive": "vim-fugitive",
        "which-key-nvim": "which-key-nvim"
      }
    },
    "telescope-fzf-native-nvim": {
      "flake": false,
      "locked": {
        "lastModified": 1709647247,
        "narHash": "sha256-rycebls3g0JCHM2+aG7xlJnX7ZPowqviaLbQrFSdflM=",
        "owner": "nvim-telescope",
        "repo": "telescope-fzf-native.nvim",
        "rev": "9ef21b2e6bb6ebeaf349a0781745549bbb870d27",
        "type": "github"
      },
      "original": {
        "owner": "nvim-telescope",
        "repo": "telescope-fzf-native.nvim",
        "type": "github"
      }
    },
    "telescope-nvim": {
      "flake": false,
      "locked": {
        "lastModified": 1716732931,
        "narHash": "sha256-JXdpKfrSvrzpTqy+g9Bg85/vIDTUZfDr+ZhxH8wJDxA=",
        "owner": "nvim-telescope",
        "repo": "telescope.nvim",
        "rev": "349660c0d35da06459ee8589af77de2086b652ce",
        "type": "github"
      },
      "original": {
        "owner": "nvim-telescope",
        "repo": "telescope.nvim",
        "type": "github"
      }
    },
    "todo-comments-nvim": {
      "flake": false,
      "locked": {
        "lastModified": 1716400082,
        "narHash": "sha256-ZJp0emoHogSdhXPIH74MH4CznxhCmMbO243dqxAZMJo=",
        "owner": "folke",
        "repo": "todo-comments.nvim",
        "rev": "e1549807066947818113a7d7ed48f637e49620d3",
        "type": "github"
      },
      "original": {
        "owner": "folke",
        "repo": "todo-comments.nvim",
        "type": "github"
      }
    },
    "undotree": {
      "flake": false,
      "locked": {
        "lastModified": 1713305700,
        "narHash": "sha256-UIroW89ALMRdxSkNGU2VPeuXJxR+25wJ+AakRcjwx/s=",
        "owner": "mbbill",
        "repo": "undotree",
        "rev": "56c684a805fe948936cda0d1b19505b84ad7e065",
        "type": "github"
      },
      "original": {
        "owner": "mbbill",
        "repo": "undotree",
        "type": "github"
      }
    },
    "vim-fugitive": {
      "flake": false,
      "locked": {
        "lastModified": 1716130336,
        "narHash": "sha256-nyNtb3nsS/zFdSNRyXabcGIabAwgivJIUFB2c62vXmA=",
        "owner": "tpope",
        "repo": "vim-fugitive",
        "rev": "4f59455d2388e113bd510e85b310d15b9228ca0d",
        "type": "github"
      },
      "original": {
        "owner": "tpope",
        "repo": "vim-fugitive",
        "type": "github"
      }
    },
    "which-key-nvim": {
      "flake": false,
      "locked": {
        "lastModified": 1697801635,
        "narHash": "sha256-uvghPj/teWrRMm09Gh8iQ/LV2nYJw0lmoiZK6L4+1cY=",
        "owner": "folke",
        "repo": "which-key.nvim",
        "rev": "4433e5ec9a507e5097571ed55c02ea9658fb268a",
        "type": "github"
      },
      "original": {
        "owner": "folke",
        "repo": "which-key.nvim",
        "type": "github"
      }
    }
  },
  "root": "root",
  "version": 7
}
