{
  "nodes": {
    "fidget-nvim": {
      "flake": false,
      "locked": {
        "lastModified": 1686378433,
        "narHash": "sha256-N3O/AvsD6Ckd62kDEN4z/K5A3SZNR15DnQeZhH6/Rr0=",
        "owner": "j-hui",
        "repo": "fidget.nvim",
        "rev": "90c22e47be057562ee9566bad313ad42d622c1d3",
        "type": "github"
      },
      "original": {
        "owner": "j-hui",
        "ref": "legacy",
        "repo": "fidget.nvim",
        "type": "github"
      }
    },
    "flake-utils": {
      "locked": {
        "lastModified": 1667395993,
        "narHash": "sha256-nuEHfE/LcWyuSWnS8t12N1wc105Qtau+/OdUAjtQ0rA=",
        "owner": "numtide",
        "repo": "flake-utils",
        "rev": "5aed5285a952e0b949eb3ba02c12fa4fcfef535f",
        "type": "github"
      },
      "original": {
        "owner": "numtide",
        "repo": "flake-utils",
        "type": "github"
      }
    },
    "neovim": {
      "inputs": {
        "flake-utils": "flake-utils",
        "nixpkgs": [
          "nixpkgs"
        ]
      },
      "locked": {
        "dir": "contrib",
        "lastModified": 1694776341,
        "narHash": "sha256-rYd9M4/KDdBKrxj8+11UduqFR+LObSOBB3Fit215fmI=",
        "owner": "neovim",
        "repo": "neovim",
        "rev": "cdb8c4625398893c651d086f09d25991c24e262b",
        "type": "github"
      },
      "original": {
        "dir": "contrib",
        "owner": "neovim",
        "ref": "release-0.9",
        "repo": "neovim",
        "type": "github"
      }
    },
    "nixpkgs": {
      "locked": {
        "lastModified": 1694593561,
        "narHash": "sha256-WSaIQZ5s9N9bDFkEMTw6P9eaZ9bv39ZhsiW12GtTNM0=",
        "owner": "nixos",
        "repo": "nixpkgs",
        "rev": "1697b7d480449b01111e352021f46e5879e47643",
        "type": "github"
      },
      "original": {
        "owner": "nixos",
        "ref": "nixpkgs-unstable",
        "repo": "nixpkgs",
        "type": "github"
      }
    },
    "nvim-luaref": {
      "flake": false,
      "locked": {
        "lastModified": 1645064202,
        "narHash": "sha256-nmsKg1Ah67fhGzevTFMlncwLX9gN0JkR7Woi0T5On34=",
        "owner": "milisims",
        "repo": "nvim-luaref",
        "rev": "9cd3ed50d5752ffd56d88dd9e395ddd3dc2c7127",
        "type": "github"
      },
      "original": {
        "owner": "milisims",
        "repo": "nvim-luaref",
        "type": "github"
      }
    },
    "root": {
      "inputs": {
        "fidget-nvim": "fidget-nvim",
        "neovim": "neovim",
        "nixpkgs": "nixpkgs",
        "nvim-luaref": "nvim-luaref"
      }
    }
  },
  "root": "root",
  "version": 7
}
